
Microsoft Visual Studio Solution File, Format Version 12.00
# Visual Studio Version 16
VisualStudioVersion = 16.0.30523.141
MinimumVisualStudioVersion = 10.0.40219.1
Project("{FAE04EC0-301F-11D3-BF4B-00C04F79EFBC}") = "MyFirstApp", "MyFirstApp.csproj", "{76321B05-71B2-43F3-A835-779DFCD04FA1}"
EndProject
Global
	GlobalSection(SolutionConfigurationPlatforms) = preSolution
		Debug|Any CPU = Debug|Any CPU
		Release|Any CPU = Release|Any CPU
	EndGlobalSection
	GlobalSection(ProjectConfigurationPlatforms) = postSolution
		{76321B05-71B2-43F3-A835-779DFCD04FA1}.Debug|Any CPU.ActiveCfg = Debug|Any CPU
		{76321B05-71B2-43F3-A835-779DFCD04FA1}.Debug|Any CPU.Build.0 = Debug|Any CPU
		{76321B05-71B2-43F3-A835-779DFCD04FA1}.Release|Any CPU.ActiveCfg = Release|Any CPU
		{76321B05-71B2-43F3-A835-779DFCD04FA1}.Release|Any CPU.Build.0 = Release|Any CPU
	EndGlobalSection
	GlobalSection(SolutionProperties) = preSolution
		HideSolutionNode = FALSE
	EndGlobalSection
	GlobalSection(ExtensibilityGlobals) = postSolution
		SolutionGuid = {DC984C88-4FFC-4691-8F3A-44EC52687CA7}
	EndGlobalSection
EndGlobal
